{
  "version": 4,
  "terraform_version": "1.3.9",
  "serial": 551,
  "lineage": "3426d6e7-b3b2-42c4-b6c9-3ea6cae7140b",
  "outputs": {},
  "resources": [
    {
      "module": "module.vpc",
      "mode": "managed",
      "type": "aws_vpc",
      "name": "this",
      "provider": "provider[\"registry.terraform.io/hashicorp/aws\"]",
      "instances": [
        {
          "index_key": 0,
          "schema_version": 1,
          "attributes": {
            "arn": "arn:aws:ec2:ap-northeast-2:433496216906:vpc/vpc-0d8bc25ed95336bd2",
            "assign_generated_ipv6_cidr_block": false,
            "cidr_block": "10.244.0.0/16",
            "default_network_acl_id": "acl-048e147b8cdc0b24b",
            "default_route_table_id": "rtb-0f260462112c0fb4f",
            "default_security_group_id": "sg-0600a5c8db191947a",
            "dhcp_options_id": "dopt-01adcba3b0616bd3b",
            "enable_classiclink": false,
            "enable_classiclink_dns_support": false,
            "enable_dns_hostnames": false,
            "enable_dns_support": true,
            "enable_network_address_usage_metrics": false,
            "id": "vpc-0d8bc25ed95336bd2",
            "instance_tenancy": "default",
            "ipv4_ipam_pool_id": null,
            "ipv4_netmask_length": null,
            "ipv6_association_id": "",
            "ipv6_cidr_block": "",
            "ipv6_cidr_block_network_border_group": "",
            "ipv6_ipam_pool_id": "",
            "ipv6_netmask_length": 0,
            "main_route_table_id": "rtb-0f260462112c0fb4f",
            "owner_id": "433496216906",
            "tags": {
              "Name": "dhkim-eks-vpc",
              "kubernetes.io/cluster/dhkim-eks": "shared"
            },
            "tags_all": {
              "Name": "dhkim-eks-vpc",
              "kubernetes.io/cluster/dhkim-eks": "shared"
            }
          },
          "sensitive_attributes": [],
          "private": "eyJzY2hlbWFfdmVyc2lvbiI6IjEifQ==",
          "create_before_destroy": true
        }
      ]
    }
  ],
  "check_results": null
}
